
Microsoft Visual Studio Solution File, Format Version 12.00
# Visual Studio Version 17
VisualStudioVersion = 17.5.33424.131
MinimumVisualStudioVersion = 10.0.40219.1
Project("{FAE04EC0-301F-11D3-BF4B-00C04F79EFBC}") = "Laokontroll.Android", "Laokontroll.Android\Laokontroll.Android.csproj", "{A0C2376F-8386-4950-947A-9678E8BE4EB9}"
EndProject
Project("{FAE04EC0-301F-11D3-BF4B-00C04F79EFBC}") = "Laokontroll", "Laokontroll\Laokontroll.csproj", "{EE8A448F-C998-4E02-99E5-0DA407A7DE09}"
EndProject
Global
	GlobalSection(SolutionConfigurationPlatforms) = preSolution
		Debug|Any CPU = Debug|Any CPU
		Release|Any CPU = Release|Any CPU
	EndGlobalSection
	GlobalSection(ProjectConfigurationPlatforms) = postSolution
		{A0C2376F-8386-4950-947A-9678E8BE4EB9}.Debug|Any CPU.ActiveCfg = Debug|Any CPU
		{A0C2376F-8386-4950-947A-9678E8BE4EB9}.Debug|Any CPU.Build.0 = Debug|Any CPU
		{A0C2376F-8386-4950-947A-9678E8BE4EB9}.Debug|Any CPU.Deploy.0 = Debug|Any CPU
		{A0C2376F-8386-4950-947A-9678E8BE4EB9}.Release|Any CPU.ActiveCfg = Release|Any CPU
		{A0C2376F-8386-4950-947A-9678E8BE4EB9}.Release|Any CPU.Build.0 = Release|Any CPU
		{A0C2376F-8386-4950-947A-9678E8BE4EB9}.Release|Any CPU.Deploy.0 = Release|Any CPU
		{EE8A448F-C998-4E02-99E5-0DA407A7DE09}.Debug|Any CPU.ActiveCfg = Debug|Any CPU
		{EE8A448F-C998-4E02-99E5-0DA407A7DE09}.Debug|Any CPU.Build.0 = Debug|Any CPU
		{EE8A448F-C998-4E02-99E5-0DA407A7DE09}.Debug|Any CPU.Deploy.0 = Debug|Any CPU
		{EE8A448F-C998-4E02-99E5-0DA407A7DE09}.Release|Any CPU.ActiveCfg = Release|Any CPU
		{EE8A448F-C998-4E02-99E5-0DA407A7DE09}.Release|Any CPU.Build.0 = Release|Any CPU
		{EE8A448F-C998-4E02-99E5-0DA407A7DE09}.Release|Any CPU.Deploy.0 = Release|Any CPU
	EndGlobalSection
	GlobalSection(SolutionProperties) = preSolution
		HideSolutionNode = FALSE
	EndGlobalSection
	GlobalSection(ExtensibilityGlobals) = postSolution
		SolutionGuid = {953CE9DC-8EEA-4E5B-9D3A-F12B245FA569}
	EndGlobalSection
EndGlobal
